
Microsoft Visual Studio Solution File, Format Version 12.00
# Visual Studio Version 16
VisualStudioVersion = 16.0.31410.357
MinimumVisualStudioVersion = 10.0.40219.1
Project("{9A19103F-16F7-4668-BE54-9A1E7A4F7556}") = "NotificationCenter", "NotificationCenter\NotificationCenter.csproj", "{03988821-1831-49EA-9219-5C803988AEE0}"
EndProject
Project("{9A19103F-16F7-4668-BE54-9A1E7A4F7556}") = "NotificationCenter.Data", "NotificationCenter.Data\NotificationCenter.Data.csproj", "{50FA2E8A-1F89-4423-A050-EB31125C5704}"
EndProject
Project("{9A19103F-16F7-4668-BE54-9A1E7A4F7556}") = "NotificationCenter.DTO", "NotificationCenter.DTO\NotificationCenter.DTO.csproj", "{7ACF1EF1-F79E-4873-A106-FE62B2E6AE08}"
EndProject
Project("{FAE04EC0-301F-11D3-BF4B-00C04F79EFBC}") = "NotificationCenter.BusinessLogic", "NotificationCenter.BusinessLogic\NotificationCenter.BusinessLogic.csproj", "{68AE0EF2-0B73-4448-9B65-1407F38D8A60}"
EndProject
Project("{FAE04EC0-301F-11D3-BF4B-00C04F79EFBC}") = "NotificationCenter.Data.Model", "NotificationCenter.Data.Model\NotificationCenter.Data.Model.csproj", "{D104B4F5-1E24-4E23-87D8-DEF123FEBA85}"
EndProject
Global
	GlobalSection(SolutionConfigurationPlatforms) = preSolution
		Debug|Any CPU = Debug|Any CPU
		Release|Any CPU = Release|Any CPU
	EndGlobalSection
	GlobalSection(ProjectConfigurationPlatforms) = postSolution
		{03988821-1831-49EA-9219-5C803988AEE0}.Debug|Any CPU.ActiveCfg = Debug|Any CPU
		{03988821-1831-49EA-9219-5C803988AEE0}.Debug|Any CPU.Build.0 = Debug|Any CPU
		{03988821-1831-49EA-9219-5C803988AEE0}.Release|Any CPU.ActiveCfg = Release|Any CPU
		{03988821-1831-49EA-9219-5C803988AEE0}.Release|Any CPU.Build.0 = Release|Any CPU
		{50FA2E8A-1F89-4423-A050-EB31125C5704}.Debug|Any CPU.ActiveCfg = Debug|Any CPU
		{50FA2E8A-1F89-4423-A050-EB31125C5704}.Debug|Any CPU.Build.0 = Debug|Any CPU
		{50FA2E8A-1F89-4423-A050-EB31125C5704}.Release|Any CPU.ActiveCfg = Release|Any CPU
		{50FA2E8A-1F89-4423-A050-EB31125C5704}.Release|Any CPU.Build.0 = Release|Any CPU
		{7ACF1EF1-F79E-4873-A106-FE62B2E6AE08}.Debug|Any CPU.ActiveCfg = Debug|Any CPU
		{7ACF1EF1-F79E-4873-A106-FE62B2E6AE08}.Debug|Any CPU.Build.0 = Debug|Any CPU
		{7ACF1EF1-F79E-4873-A106-FE62B2E6AE08}.Release|Any CPU.ActiveCfg = Release|Any CPU
		{7ACF1EF1-F79E-4873-A106-FE62B2E6AE08}.Release|Any CPU.Build.0 = Release|Any CPU
		{68AE0EF2-0B73-4448-9B65-1407F38D8A60}.Debug|Any CPU.ActiveCfg = Debug|Any CPU
		{68AE0EF2-0B73-4448-9B65-1407F38D8A60}.Debug|Any CPU.Build.0 = Debug|Any CPU
		{68AE0EF2-0B73-4448-9B65-1407F38D8A60}.Release|Any CPU.ActiveCfg = Release|Any CPU
		{68AE0EF2-0B73-4448-9B65-1407F38D8A60}.Release|Any CPU.Build.0 = Release|Any CPU
		{D104B4F5-1E24-4E23-87D8-DEF123FEBA85}.Debug|Any CPU.ActiveCfg = Debug|Any CPU
		{D104B4F5-1E24-4E23-87D8-DEF123FEBA85}.Debug|Any CPU.Build.0 = Debug|Any CPU
		{D104B4F5-1E24-4E23-87D8-DEF123FEBA85}.Release|Any CPU.ActiveCfg = Release|Any CPU
		{D104B4F5-1E24-4E23-87D8-DEF123FEBA85}.Release|Any CPU.Build.0 = Release|Any CPU
	EndGlobalSection
	GlobalSection(SolutionProperties) = preSolution
		HideSolutionNode = FALSE
	EndGlobalSection
	GlobalSection(ExtensibilityGlobals) = postSolution
		SolutionGuid = {0BE66048-E1BC-4D75-83D7-54DAC3B63C82}
	EndGlobalSection
EndGlobal
